
Microsoft Visual Studio Solution File, Format Version 12.00
# Visual Studio Version 16
VisualStudioVersion = 16.0.810.21
MinimumVisualStudioVersion = 10.0.40219.1
Project("{FAE04EC0-301F-11D3-BF4B-00C04F79EFBC}") = "Learn-C-Sharp", "Learn-C-Sharp\Learn-C-Sharp.csproj", "{02BE9835-087C-4433-87CE-8B4662F16D36}"
EndProject
Global
	GlobalSection(SolutionConfigurationPlatforms) = preSolution
		Debug|anycpu = Debug|anycpu
		Release|anycpu = Release|anycpu
	EndGlobalSection
	GlobalSection(ProjectConfigurationPlatforms) = postSolution
		{02BE9835-087C-4433-87CE-8B4662F16D36}.Debug|anycpu.ActiveCfg = Debug|anycpu
		{02BE9835-087C-4433-87CE-8B4662F16D36}.Debug|anycpu.Build.0 = Debug|anycpu
		{02BE9835-087C-4433-87CE-8B4662F16D36}.Release|anycpu.ActiveCfg = Release|anycpu
		{02BE9835-087C-4433-87CE-8B4662F16D36}.Release|anycpu.Build.0 = Release|anycpu
	EndGlobalSection
	GlobalSection(SolutionProperties) = preSolution
		HideSolutionNode = FALSE
	EndGlobalSection
	GlobalSection(ExtensibilityGlobals) = postSolution
		SolutionGuid = {C868935F-B9B5-4719-9B2D-D2AEC9DFFD05}
	EndGlobalSection
EndGlobal
